
Microsoft Visual Studio Solution File, Format Version 12.00
# Visual Studio 15
VisualStudioVersion = 15.0.28307.1259
MinimumVisualStudioVersion = 10.0.40219.1
Project("{FAE04EC0-301F-11D3-BF4B-00C04F79EFBC}") = "Lab_9_LSP", "Lab_9_LSP\Lab_9_LSP.csproj", "{A972BFD8-5F51-4BB2-A847-BD66EF0CE8D3}"
EndProject
Global
	GlobalSection(SolutionConfigurationPlatforms) = preSolution
		Debug|Any CPU = Debug|Any CPU
		Release|Any CPU = Release|Any CPU
	EndGlobalSection
	GlobalSection(ProjectConfigurationPlatforms) = postSolution
		{A972BFD8-5F51-4BB2-A847-BD66EF0CE8D3}.Debug|Any CPU.ActiveCfg = Debug|Any CPU
		{A972BFD8-5F51-4BB2-A847-BD66EF0CE8D3}.Debug|Any CPU.Build.0 = Debug|Any CPU
		{A972BFD8-5F51-4BB2-A847-BD66EF0CE8D3}.Release|Any CPU.ActiveCfg = Release|Any CPU
		{A972BFD8-5F51-4BB2-A847-BD66EF0CE8D3}.Release|Any CPU.Build.0 = Release|Any CPU
	EndGlobalSection
	GlobalSection(SolutionProperties) = preSolution
		HideSolutionNode = FALSE
	EndGlobalSection
	GlobalSection(ExtensibilityGlobals) = postSolution
		SolutionGuid = {4278D0D3-2D22-452C-8179-3DA347F9C014}
	EndGlobalSection
EndGlobal
